
Microsoft Visual Studio Solution File, Format Version 12.00
# Visual Studio Version 17
VisualStudioVersion = 17.3.32825.248
MinimumVisualStudioVersion = 10.0.40219.1
Project("{9A19103F-16F7-4668-BE54-9A1E7A4F7556}") = "PCIS", "PCIS.csproj", "{C00F8D96-9148-43AC-9471-75D7E4C08374}"
EndProject
Global
	GlobalSection(SolutionConfigurationPlatforms) = preSolution
		Debug|Any CPU = Debug|Any CPU
		Release|Any CPU = Release|Any CPU
	EndGlobalSection
	GlobalSection(ProjectConfigurationPlatforms) = postSolution
		{C00F8D96-9148-43AC-9471-75D7E4C08374}.Debug|Any CPU.ActiveCfg = Debug|Any CPU
		{C00F8D96-9148-43AC-9471-75D7E4C08374}.Debug|Any CPU.Build.0 = Debug|Any CPU
		{C00F8D96-9148-43AC-9471-75D7E4C08374}.Release|Any CPU.ActiveCfg = Release|Any CPU
		{C00F8D96-9148-43AC-9471-75D7E4C08374}.Release|Any CPU.Build.0 = Release|Any CPU
	EndGlobalSection
	GlobalSection(SolutionProperties) = preSolution
		HideSolutionNode = FALSE
	EndGlobalSection
	GlobalSection(ExtensibilityGlobals) = postSolution
		SolutionGuid = {B2578F5F-CDFB-49A8-8762-01831AEEA4FC}
	EndGlobalSection
EndGlobal
